[root]
name = "ysd"
version = "0.1.0"
dependencies = [
 "lazy_static 0.1.16 (registry+https://github.com/rust-lang/crates.io-index)",
 "ncurses 5.82.0 (registry+https://github.com/rust-lang/crates.io-index)",
 "toml 0.2.1 (registry+https://github.com/rust-lang/crates.io-index)",
]

[[package]]
name = "lazy_static"
version = "0.1.16"
source = "registry+https://github.com/rust-lang/crates.io-index"

[[package]]
name = "libc"
version = "0.2.16"
source = "registry+https://github.com/rust-lang/crates.io-index"

[[package]]
name = "ncurses"
version = "5.82.0"
source = "registry+https://github.com/rust-lang/crates.io-index"
dependencies = [
 "libc 0.2.16 (registry+https://github.com/rust-lang/crates.io-index)",
]

[[package]]
name = "rustc-serialize"
version = "0.3.19"
source = "registry+https://github.com/rust-lang/crates.io-index"

[[package]]
name = "toml"
version = "0.2.1"
source = "registry+https://github.com/rust-lang/crates.io-index"
dependencies = [
 "rustc-serialize 0.3.19 (registry+https://github.com/rust-lang/crates.io-index)",
]

[metadata]
"checksum lazy_static 0.1.16 (registry+https://github.com/rust-lang/crates.io-index)" = "cf186d1a8aa5f5bee5fd662bc9c1b949e0259e1bcc379d1f006847b0080c7417"
"checksum libc 0.2.16 (registry+https://github.com/rust-lang/crates.io-index)" = "408014cace30ee0f767b1c4517980646a573ec61a57957aeeabcac8ac0a02e8d"
"checksum ncurses 5.82.0 (registry+https://github.com/rust-lang/crates.io-index)" = "f260f0a421b984915be79b414ecfb1b33a6f966b1dcc180ea38c1c0e9dbed8eb"
"checksum rustc-serialize 0.3.19 (registry+https://github.com/rust-lang/crates.io-index)" = "6159e4e6e559c81bd706afe9c8fd68f547d3e851ce12e76b1de7914bab61691b"
"checksum toml 0.2.1 (registry+https://github.com/rust-lang/crates.io-index)" = "736b60249cb25337bc196faa43ee12c705e426f3d55c214d73a4e7be06f92cb4"
